name: wherecanthebusgetme
channels:
  - conda-forge
dependencies:
  - affine=3.0.1=pyhecae5ae_0
  - attrs=26.1.0=pyhcf101f3_0
  - aws-c-auth=0.10.4=hc6e9107_1
  - aws-c-cal=0.9.14=h032d170_4
  - aws-c-common=0.14.2=hfd05255_0
  - aws-c-compression=0.3.2=h1da161f_4
  - aws-c-event-stream=0.7.1=h88938e3_4
  - aws-c-http=0.11.0=h667fc28_4
  - aws-c-io=0.27.3=hbdc738f_1
  - aws-c-mqtt=0.16.0=hd7b40c3_2
  - aws-c-s3=0.12.8=hd7ee1a1_1
  - aws-c-sdkutils=0.2.7=h1da161f_2
  - aws-checksums=0.2.10=h1da161f_4
  - aws-crt-cpp=0.40.1=he7c1723_3
  - aws-sdk-cpp=1.11.833=hdf1b151_9
  - azure-core-cpp=1.16.3=h49e36cd_0
  - azure-identity-cpp=1.13.3=hf9fdf8e_2
  - azure-storage-blobs-cpp=12.18.0=h4fb3251_1
  - azure-storage-common-cpp=12.14.0=hf9fdf8e_1
  - azure-storage-files-datalake-cpp=12.16.0=heb2e695_1
  - backports.zstd=1.7.0=py312h06d0912_1
  - blosc=1.21.6=hfd34d9b_1
  - branca=0.8.2=pyhd8ed1ab_0
  - brotli=1.2.0=hc8c2fe1_4
  - brotli-bin=1.2.0=hd477307_4
  - brotli-python=1.2.0=py312ha763cb9_4
  - bzip2=1.0.8=h0ad9c76_10
  - c-ares=1.34.8=h6a83c73_2
  - ca-certificates=2026.7.22=h4c7d964_0
  - cairo=1.18.4=h477c42c_3
  - certifi=2026.7.22=pyhd8ed1ab_0
  - charset-normalizer=3.5.1=pyhd8ed1ab_0
  - click=8.5.0=pyh5ded981_0
  - click-plugins=1.1.1.2=pyhd8ed1ab_0
  - cligj=0.7.2=pyhd8ed1ab_2
  - cloudpickle=3.1.2=pyhcf101f3_1
  - configargparse=1.7.7=pyh5ded981_0
  - contextily=1.7.1=pyhd8ed1ab_0
  - contourpy=1.3.3=py312h78d62e6_4
  - cycler=0.12.1=pyhcf101f3_2
  - filelock=3.32.6=pyhd8ed1ab_0
  - folium=0.20.0=pyhd8ed1ab_0
  - font-ttf-dejavu-sans-mono=2.37=hab24e00_0
  - font-ttf-inconsolata=3.000=h77eed37_0
  - font-ttf-source-code-pro=2.038=h77eed37_0
  - font-ttf-ubuntu=0.83=h77eed37_3
  - fontconfig=2.18.3=hd47e2ca_1
  - fonts-conda-ecosystem=1=0
  - fonts-conda-forge=1=hc364b38_1
  - fonttools=4.65.0=py312h05f76fc_0
  - freetype=2.14.3=h57928b3_2
  - freexl=2.0.0=h0f64aeb_3
  - fribidi=1.0.16=hfd05255_2
  - geographiclib=2.1=pyhd8ed1ab_0
  - geohexgrid=3.0.3=pyhd8ed1ab_0
  - geopandas=1.1.4=pyhd8ed1ab_0
  - geopandas-base=1.1.4=pyha770c72_0
  - geopy=2.5.0=pyhd8ed1ab_0
  - geos=3.14.1=h62f7316_0
  - graphite2=1.3.15=h5112557_1
  - h2=4.4.1=pyhcf101f3_0
  - hpack=4.2.0=pyhd8ed1ab_0
  - hyperframe=6.1.0=pyhd8ed1ab_0
  - icu=78.3=h5112557_2
  - idna=3.19=pyhcf101f3_0
  - jinja2=3.1.6=pyhcf101f3_1
  - joblib=1.6.0=pyhcf101f3_0
  - jpype1=1.7.1=py312hbb81ca0_0
  - kiwisolver=1.5.1=py312h78d62e6_1
  - krb5=1.22.2=h719d79b_2
  - lcms2=2.19.1=hf2c6c5f_3
  - lerc=4.2.0=hd936e49_0
  - libabseil=20260526.0=cxx17_h04e5de1_2
  - libarchive=3.8.9=gpl_h8fdc8af_101
  - libarrow=25.0.0=h20c36f3_3_cpu
  - libarrow-acero=25.0.0=h7d8d6a5_3_cpu
  - libarrow-compute=25.0.0=h081cd8e_3_cpu
  - libarrow-dataset=25.0.0=h7d8d6a5_3_cpu
  - libarrow-substrait=25.0.0=hffb5221_3_cpu
  - libblas=3.11.0=11_h8455456_mkl
  - libboost=1.90.0=h9dfe17d_2
  - libbrotlicommon=1.2.0=hf02afa3_4
  - libbrotlidec=1.2.0=h84f9c24_4
  - libbrotlienc=1.2.0=he2a975b_4
  - libcblas=3.11.0=11_h2a3cdd5_mkl
  - libcrc32c=1.1.2=h0e60522_0
  - libcurl=8.22.0=hdb0ef4a_0
  - libdeflate=1.25=h1a1d4e4_1
  - libevent=2.1.12=hc903f1e_2
  - libexpat=2.8.1=hac47afa_1
  - libffi=3.7.0=h3d046cb_1
  - libfreetype=2.14.3=h57928b3_2
  - libfreetype6=2.14.3=hdbac1cb_2
  - libgdal-core=3.13.3=hcd51406_1
  - libglib=2.88.3=ha564072_4
  - libgoogle-cloud=3.7.0=hfe3f7e9_0
  - libgoogle-cloud-storage=3.7.0=he04ea4c_0
  - libgrpc=1.82.1=he6cc664_0
  - libharfbuzz=14.4.0=h03b5201_1
  - libhwloc=2.13.0=default_h049141e_1000
  - libhwy=1.4.0=h2419aca_1
  - libiconv=1.18=hc1393d2_3
  - libintl=0.22.5=h5728263_4
  - libjpeg-turbo=3.2.0=hfd05255_1
  - libjxl=0.12.0=h932607e_2
  - libkml=1.3.0=h68a222c_1023
  - liblapack=3.11.0=11_hf9ab0e9_mkl
  - liblzma=5.8.3=hfd05255_1
  - libopentelemetry-cpp=1.27.0=h4cd8edf_1
  - libopentelemetry-cpp-headers=1.27.0=h57928b3_1
  - libparquet=25.0.0=h7051d1f_3_cpu
  - libpng=1.6.58=hdc8cecf_1
  - libprotobuf=7.35.1=h1a71995_3
  - libpsl=0.23.1=h9b16d47_1
  - libpython=3.12.14=hcc31f7b_3_cpython
  - libraqm=0.11.0=h50d6d30_0
  - libre2-11=2025.11.05=h45f70d9_2
  - librttopo=1.1.0=haa95264_21
  - libspatialite=5.1.0=gpl_h2fc3b25_120
  - libsqlite=3.53.4=hf5d6505_1
  - libssh2=1.11.1=h734d217_1
  - libthrift=0.22.0=h2e43b2f_2
  - libtiff=4.7.2=h8f73337_1
  - libutf8proc=2.11.3=hb980946_0
  - libwebp-base=1.6.0=h4d5522a_1
  - libwinpthread=12.0.0.r4.gg4f2fc60ca=h57928b3_10
  - libxml2=2.15.4=he095d88_0
  - libxml2-16=2.15.4=h3cfd58e_0
  - libxml2-devel=2.15.4=he095d88_0
  - libzlib=1.3.2=hfd05255_3
  - llvm-openmp=23.1.1=h49e36cd_0
  - lz4-c=1.10.0=h6a83c73_2
  - lzo=2.10=h6a83c73_1003
  - mapclassify=2.11.0=pyhd8ed1ab_0
  - markupsafe=3.0.3=py312h05f76fc_1
  - matplotlib-base=3.11.1=py312hf9659c1_2
  - mercantile=1.2.1=pyhd8ed1ab_1
  - minizip=4.2.2=hdc83b33_1
  - mkl=2026.1.0=hac47afa_235
  - munkres=1.1.4=pyhd8ed1ab_1
  - muparser=2.3.5=h5112557_1
  - narwhals=2.26.0=pyh5ded981_0
  - networkx=3.6.1=pyhcf101f3_0
  - nlohmann_json=3.12.0=h5112557_2
  - numpy=2.5.3=py312ha3f287d_0
  - openjdk=25.0.2=h56f2b75_26
  - openjpeg=2.5.4=h90fa87c_2
  - openssl=3.6.4=hf411b9b_0
  - orc=2.3.1=hf7eca67_0
  - osmium-tool=1.19.1=h60971b7_0
  - packaging=26.3=pyhc364b38_0
  - pandas=3.0.5=py312h95189c4_1
  - pcre2=10.47=h8466c1e_1
  - pillow=12.3.0=py312h7bb5964_4
  - pip=26.2.1=pyh8b19718_0
  - pixman=0.46.4=h5112557_3
  - proj=9.8.1=hd30e2cd_1
  - prometheus-cpp=1.3.0=hcea2f5d_0
  - psutil=7.2.2=py312he5662c2_2
  - pyarrow=25.0.0=py312h2e8e312_0
  - pyarrow-core=25.0.0=py312h12c7521_0_cpu
  - pyogrio=0.13.0=py312h0e78342_0
  - pyosmium=4.3.1=py312h3e3ada1_1
  - pyparsing=3.3.2=pyhcf101f3_0
  - pyproj=3.8.0=py312h589cc8f_1
  - pysocks=1.7.1=pyh09c184e_7
  - python=3.12.14=hb12b558_3_cpython
  - python-dateutil=2.9.0.post0=pyhe01879c_2
  - python-tzdata=2026.3=pyhd8ed1ab_0
  - python_abi=3.12=9_cp312
  - pyyaml=6.0.3=py312h05f76fc_1
  - qhull=2020.2=hc790b64_5
  - r5py=1.1.7=pyhd8ed1ab_0
  - rasterio=1.5.1=py312hdeb0b3f_1
  - re2=2025.11.05=haef9524_2
  - requests=2.34.2=pyhcf101f3_0
  - scikit-learn=1.9.1=np2py312hea30aaf_0
  - scipy=1.18.1=py312h8847828_0
  - setuptools=84.0.0=pyh332efcf_0
  - shapely=2.1.2=py312h37f46ab_3
  - simplification=1.0.0=py312hb0142fd_0
  - six=1.17.0=pyhe01879c_1
  - snappy=1.2.2=h7fa0ca8_1
  - snuggs=1.4.7=pyhd8ed1ab_2
  - sqlite=3.53.4=hdb435a2_1
  - symlink-exe-runtime=1.0=hfd05255_2
  - tbb=2023.1.0=hdcfe883_0
  - threadpoolctl=3.6.0=pyhecae5ae_0
  - tk=8.6.13=h967ab96_4
  - toml=0.10.2=pyhcf101f3_3
  - typing-extensions=4.16.0=h69aa097_0
  - typing_extensions=4.16.0=pyhcf101f3_0
  - tzdata=2026c=h151e31d_0
  - ucrt=10.0.26100.0=h57928b3_0
  - unicodedata2=17.0.1=py312he06e257_1
  - uriparser=0.9.8=h5a68840_0
  - urllib3=2.7.0=pyhd8ed1ab_0
  - vc=14.5=ha367084_41
  - vc14_runtime=14.51.36247=habf1de7_41
  - vcomp14=14.51.36247=habf1de7_41
  - vs2015_runtime=14.51.36247=h633cb9f_41
  - wheel=0.48.0=pyhd8ed1ab_0
  - win_inet_pton=1.1.0=pyh7428d3b_8
  - xerces-c=3.3.0=hac47afa_2
  - xyzservices=2026.9.1=pyhd8ed1ab_0
  - yaml=0.2.5=h6a83c73_3
  - zlib=1.3.2=hfd05255_3
  - zlib-ng=2.3.3=h0261ad2_1
  - zstd=1.5.7=h534d264_7

prefix: "C:\\micromamba\\envs\\wherecanthebusgetme"
